
Microsoft Visual Studio Solution File, Format Version 12.00
# Visual Studio Version 17
VisualStudioVersion = 17.5.002.0
MinimumVisualStudioVersion = 10.0.40219.1
Project("{9A19103F-16F7-4668-BE54-9A1E7A4F7556}") = "TestTask", "TestTask.csproj", "{2F89190F-D3C6-44E9-ADDB-6F270C8B79BD}"
EndProject
Global
	GlobalSection(SolutionConfigurationPlatforms) = preSolution
		Debug|Any CPU = Debug|Any CPU
		Release|Any CPU = Release|Any CPU
	EndGlobalSection
	GlobalSection(ProjectConfigurationPlatforms) = postSolution
		{2F89190F-D3C6-44E9-ADDB-6F270C8B79BD}.Debug|Any CPU.ActiveCfg = Debug|Any CPU
		{2F89190F-D3C6-44E9-ADDB-6F270C8B79BD}.Debug|Any CPU.Build.0 = Debug|Any CPU
		{2F89190F-D3C6-44E9-ADDB-6F270C8B79BD}.Release|Any CPU.ActiveCfg = Release|Any CPU
		{2F89190F-D3C6-44E9-ADDB-6F270C8B79BD}.Release|Any CPU.Build.0 = Release|Any CPU
	EndGlobalSection
	GlobalSection(SolutionProperties) = preSolution
		HideSolutionNode = FALSE
	EndGlobalSection
	GlobalSection(ExtensibilityGlobals) = postSolution
		SolutionGuid = {67B3A672-BE1E-43A7-9AE3-58C3F277F8FD}
	EndGlobalSection
EndGlobal
